
Microsoft Visual Studio Solution File, Format Version 12.00
# Visual Studio Version 17
VisualStudioVersion = 17.8.34511.84
MinimumVisualStudioVersion = 10.0.40219.1
Project("{9A19103F-16F7-4668-BE54-9A1E7A4F7556}") = "SwampLocksAPI", "SwampLocksAPI.csproj", "{C812DFB5-5EB2-4A15-A666-DAEA9A00602B}"
EndProject
Project("{9A19103F-16F7-4668-BE54-9A1E7A4F7556}") = "SwampLocksDb", "..\SwampLocksDb\SwampLocksDb.csproj", "{CC05679A-1B0F-4516-8271-8B95615A2CE2}"
EndProject
Global
	GlobalSection(SolutionConfigurationPlatforms) = preSolution
		Debug|Any CPU = Debug|Any CPU
		Release|Any CPU = Release|Any CPU
	EndGlobalSection
	GlobalSection(ProjectConfigurationPlatforms) = postSolution
		{C812DFB5-5EB2-4A15-A666-DAEA9A00602B}.Debug|Any CPU.ActiveCfg = Debug|Any CPU
		{C812DFB5-5EB2-4A15-A666-DAEA9A00602B}.Debug|Any CPU.Build.0 = Debug|Any CPU
		{C812DFB5-5EB2-4A15-A666-DAEA9A00602B}.Release|Any CPU.ActiveCfg = Release|Any CPU
		{C812DFB5-5EB2-4A15-A666-DAEA9A00602B}.Release|Any CPU.Build.0 = Release|Any CPU
		{CC05679A-1B0F-4516-8271-8B95615A2CE2}.Debug|Any CPU.ActiveCfg = Debug|Any CPU
		{CC05679A-1B0F-4516-8271-8B95615A2CE2}.Debug|Any CPU.Build.0 = Debug|Any CPU
		{CC05679A-1B0F-4516-8271-8B95615A2CE2}.Release|Any CPU.ActiveCfg = Release|Any CPU
		{CC05679A-1B0F-4516-8271-8B95615A2CE2}.Release|Any CPU.Build.0 = Release|Any CPU
	EndGlobalSection
	GlobalSection(SolutionProperties) = preSolution
		HideSolutionNode = FALSE
	EndGlobalSection
	GlobalSection(ExtensibilityGlobals) = postSolution
		SolutionGuid = {A69F6B8D-EAA2-4770-ACF4-2C0338DBB059}
	EndGlobalSection
EndGlobal
