
Microsoft Visual Studio Solution File, Format Version 12.00
# Visual Studio Version 17
VisualStudioVersion = 17.0.31903.59
MinimumVisualStudioVersion = 10.0.40219.1
Project("{9A19103F-16F7-4668-BE54-9A1E7A4F7556}") = "AlphaVantage", "AlphaVantage\AlphaVantage.csproj", "{68D9BE4F-879D-490B-B882-5A58B2006F62}"
EndProject
Project("{9A19103F-16F7-4668-BE54-9A1E7A4F7556}") = "SwampLocksDb", "SwampLocksDb\SwampLocksDb.csproj", "{B43EE25D-8A56-4478-8A2E-0ED45F47F15E}"
EndProject
Project("{9A19103F-16F7-4668-BE54-9A1E7A4F7556}") = "AlphaVantageUpdater", "AlphaVantageUpdater\AlphaVantageUpdater.csproj", "{9B5658B7-D880-47A9-A15C-37EEAF266A96}"
EndProject
Global
	GlobalSection(SolutionConfigurationPlatforms) = preSolution
		Debug|Any CPU = Debug|Any CPU
		Debug|x64 = Debug|x64
		Debug|x86 = Debug|x86
		Release|Any CPU = Release|Any CPU
		Release|x64 = Release|x64
		Release|x86 = Release|x86
	EndGlobalSection
	GlobalSection(ProjectConfigurationPlatforms) = postSolution
		{68D9BE4F-879D-490B-B882-5A58B2006F62}.Debug|Any CPU.ActiveCfg = Debug|Any CPU
		{68D9BE4F-879D-490B-B882-5A58B2006F62}.Debug|Any CPU.Build.0 = Debug|Any CPU
		{68D9BE4F-879D-490B-B882-5A58B2006F62}.Debug|x64.ActiveCfg = Debug|Any CPU
		{68D9BE4F-879D-490B-B882-5A58B2006F62}.Debug|x64.Build.0 = Debug|Any CPU
		{68D9BE4F-879D-490B-B882-5A58B2006F62}.Debug|x86.ActiveCfg = Debug|Any CPU
		{68D9BE4F-879D-490B-B882-5A58B2006F62}.Debug|x86.Build.0 = Debug|Any CPU
		{68D9BE4F-879D-490B-B882-5A58B2006F62}.Release|Any CPU.ActiveCfg = Release|Any CPU
		{68D9BE4F-879D-490B-B882-5A58B2006F62}.Release|Any CPU.Build.0 = Release|Any CPU
		{68D9BE4F-879D-490B-B882-5A58B2006F62}.Release|x64.ActiveCfg = Release|Any CPU
		{68D9BE4F-879D-490B-B882-5A58B2006F62}.Release|x64.Build.0 = Release|Any CPU
		{68D9BE4F-879D-490B-B882-5A58B2006F62}.Release|x86.ActiveCfg = Release|Any CPU
		{68D9BE4F-879D-490B-B882-5A58B2006F62}.Release|x86.Build.0 = Release|Any CPU
		{B43EE25D-8A56-4478-8A2E-0ED45F47F15E}.Debug|Any CPU.ActiveCfg = Debug|Any CPU
		{B43EE25D-8A56-4478-8A2E-0ED45F47F15E}.Debug|Any CPU.Build.0 = Debug|Any CPU
		{B43EE25D-8A56-4478-8A2E-0ED45F47F15E}.Debug|x64.ActiveCfg = Debug|Any CPU
		{B43EE25D-8A56-4478-8A2E-0ED45F47F15E}.Debug|x64.Build.0 = Debug|Any CPU
		{B43EE25D-8A56-4478-8A2E-0ED45F47F15E}.Debug|x86.ActiveCfg = Debug|Any CPU
		{B43EE25D-8A56-4478-8A2E-0ED45F47F15E}.Debug|x86.Build.0 = Debug|Any CPU
		{B43EE25D-8A56-4478-8A2E-0ED45F47F15E}.Release|Any CPU.ActiveCfg = Release|Any CPU
		{B43EE25D-8A56-4478-8A2E-0ED45F47F15E}.Release|Any CPU.Build.0 = Release|Any CPU
		{B43EE25D-8A56-4478-8A2E-0ED45F47F15E}.Release|x64.ActiveCfg = Release|Any CPU
		{B43EE25D-8A56-4478-8A2E-0ED45F47F15E}.Release|x64.Build.0 = Release|Any CPU
		{B43EE25D-8A56-4478-8A2E-0ED45F47F15E}.Release|x86.ActiveCfg = Release|Any CPU
		{B43EE25D-8A56-4478-8A2E-0ED45F47F15E}.Release|x86.Build.0 = Release|Any CPU
		{9B5658B7-D880-47A9-A15C-37EEAF266A96}.Debug|Any CPU.ActiveCfg = Debug|Any CPU
		{9B5658B7-D880-47A9-A15C-37EEAF266A96}.Debug|Any CPU.Build.0 = Debug|Any CPU
		{9B5658B7-D880-47A9-A15C-37EEAF266A96}.Debug|x64.ActiveCfg = Debug|Any CPU
		{9B5658B7-D880-47A9-A15C-37EEAF266A96}.Debug|x64.Build.0 = Debug|Any CPU
		{9B5658B7-D880-47A9-A15C-37EEAF266A96}.Debug|x86.ActiveCfg = Debug|Any CPU
		{9B5658B7-D880-47A9-A15C-37EEAF266A96}.Debug|x86.Build.0 = Debug|Any CPU
		{9B5658B7-D880-47A9-A15C-37EEAF266A96}.Release|Any CPU.ActiveCfg = Release|Any CPU
		{9B5658B7-D880-47A9-A15C-37EEAF266A96}.Release|Any CPU.Build.0 = Release|Any CPU
		{9B5658B7-D880-47A9-A15C-37EEAF266A96}.Release|x64.ActiveCfg = Release|Any CPU
		{9B5658B7-D880-47A9-A15C-37EEAF266A96}.Release|x64.Build.0 = Release|Any CPU
		{9B5658B7-D880-47A9-A15C-37EEAF266A96}.Release|x86.ActiveCfg = Release|Any CPU
		{9B5658B7-D880-47A9-A15C-37EEAF266A96}.Release|x86.Build.0 = Release|Any CPU
	EndGlobalSection
	GlobalSection(SolutionProperties) = preSolution
		HideSolutionNode = FALSE
	EndGlobalSection
EndGlobal
